<?xml version="1.0" encoding="UTF-8" standalone="yes" ?>
<CodeBlocks_project_file>
	<FileVersion major="1" minor="6" />
	<Project>
		<Option title="drop - serveur" />
		<Option pch_mode="2" />
		<Option compiler="gcc" />
		<Build>
			<Target title="Debug">
				<Option output="bin\Debug\drop" prefix_auto="1" extension_auto="1" />
				<Option object_output="obj\Debug\" />
				<Option type="1" />
				<Option compiler="gcc" />
				<Compiler>
					<Add option="-g" />
				</Compiler>
			</Target>
			<Target title="Release">
				<Option output="bin\Release\drop" prefix_auto="1" extension_auto="1" />
				<Option object_output="obj\Release\" />
				<Option type="1" />
				<Option compiler="gcc" />
				<Compiler>
					<Add option="-O2" />
				</Compiler>
				<Linker>
					<Add option="-s" />
				</Linker>
			</Target>
		</Build>
		<Compiler>
			<Add option="-O3" />
			<Add option="-Wshadow" />
			<Add option="-Winit-self" />
			<Add option="-Wredundant-decls" />
			<Add option="-Wcast-align" />
			<Add option="-Wundef" />
			<Add option="-Wfloat-equal" />
			<Add option="-Winline" />
			<Add option="-Wmissing-declarations" />
			<Add option="-Wmissing-include-dirs" />
			<Add option="-Wswitch-enum" />
			<Add option="-Wswitch-default" />
			<Add option="-Wmain" />
			<Add option="-Wfatal-errors" />
			<Add option="-Wextra" />
			<Add option="-Wall" />
		</Compiler>
		<Linker>
			<Add library="C:\Program Files (x86)\CodeBlocks\MinGW\lib\libws2_32.a" />
		</Linker>
		<Unit filename="gestFile\compareListFile.c">
			<Option compilerVar="CC" />
		</Unit>
		<Unit filename="gestFile\compareListFile.h" />
		<Unit filename="gestFile\fileInfo.c">
			<Option compilerVar="CC" />
		</Unit>
		<Unit filename="gestFile\fileInfo.h" />
		<Unit filename="gestFile\fileList.c">
			<Option compilerVar="CC" />
		</Unit>
		<Unit filename="gestFile\fileList.h" />
		<Unit filename="gestFile\fileListComp.c">
			<Option compilerVar="CC" />
		</Unit>
		<Unit filename="gestFile\fileListComp.h" />
		<Unit filename="gestFile\fileListToJson.c">
			<Option compilerVar="CC" />
		</Unit>
		<Unit filename="gestFile\fileListToJson.h" />
		<Unit filename="gestFile\gestFile.h" />
		<Unit filename="gestFile\jsonToFileList.c">
			<Option compilerVar="CC" />
		</Unit>
		<Unit filename="gestFile\jsonToFileList.h" />
		<Unit filename="handling_error\herror.c">
			<Option compilerVar="CC" />
		</Unit>
		<Unit filename="handling_error\herror.h" />
		<Unit filename="json\Jdata.c">
			<Option compilerVar="CC" />
		</Unit>
		<Unit filename="json\Jdata.h" />
		<Unit filename="json\Jobj.c">
			<Option compilerVar="CC" />
		</Unit>
		<Unit filename="json\Jobj.h" />
		<Unit filename="json\Json.h" />
		<Unit filename="json\JsonParse.c">
			<Option compilerVar="CC" />
		</Unit>
		<Unit filename="json\JsonParse.h" />
		<Unit filename="main.c">
			<Option compilerVar="CC" />
		</Unit>
		<Unit filename="md5\md5.c">
			<Option compilerVar="CC" />
		</Unit>
		<Unit filename="md5\md5.h" />
		<Unit filename="server\msg\msg.c">
			<Option compilerVar="CC" />
		</Unit>
		<Unit filename="server\msg\msg.h" />
		<Unit filename="server\server.c">
			<Option compilerVar="CC" />
		</Unit>
		<Unit filename="server\server.h" />
		<Unit filename="server\serverFunc.c">
			<Option compilerVar="CC" />
		</Unit>
		<Unit filename="server\serverFunc.h" />
		<Unit filename="server\users\account.c">
			<Option compilerVar="CC" />
		</Unit>
		<Unit filename="server\users\account.h" />
		<Unit filename="server\users\user.c">
			<Option compilerVar="CC" />
		</Unit>
		<Unit filename="server\users\user.h" />
		<Unit filename="str\strTools.c">
			<Option compilerVar="CC" />
		</Unit>
		<Unit filename="str\strTools.h" />
		<Extensions>
			<code_completion />
			<debugger />
		</Extensions>
	</Project>
</CodeBlocks_project_file>
